
Microsoft Visual Studio Solution File, Format Version 12.00
# Visual Studio 15
VisualStudioVersion = 15.0.28307.421
MinimumVisualStudioVersion = 10.0.40219.1
Project("{FAE04EC0-301F-11D3-BF4B-00C04F79EFBC}") = "Day_3_Exercises", "Day_3_Exercises\Day_3_Exercises.csproj", "{F572CD6D-0197-46EF-9528-14FBA67E1926}"
EndProject
Global
	GlobalSection(SolutionConfigurationPlatforms) = preSolution
		Debug|Any CPU = Debug|Any CPU
		Release|Any CPU = Release|Any CPU
	EndGlobalSection
	GlobalSection(ProjectConfigurationPlatforms) = postSolution
		{F572CD6D-0197-46EF-9528-14FBA67E1926}.Debug|Any CPU.ActiveCfg = Debug|Any CPU
		{F572CD6D-0197-46EF-9528-14FBA67E1926}.Debug|Any CPU.Build.0 = Debug|Any CPU
		{F572CD6D-0197-46EF-9528-14FBA67E1926}.Release|Any CPU.ActiveCfg = Release|Any CPU
		{F572CD6D-0197-46EF-9528-14FBA67E1926}.Release|Any CPU.Build.0 = Release|Any CPU
	EndGlobalSection
	GlobalSection(SolutionProperties) = preSolution
		HideSolutionNode = FALSE
	EndGlobalSection
	GlobalSection(ExtensibilityGlobals) = postSolution
		SolutionGuid = {A7C38A65-CB72-4F59-BFD9-A3635D1975B9}
	EndGlobalSection
EndGlobal
